{
  "requires": true,
  "lockfileVersion": 1,
  "dependencies": {
    "@react-native-community/checkbox": {
      "version": "0.3.0",
      "resolved": "https://registry.npmjs.org/@react-native-community/checkbox/-/checkbox-0.3.0.tgz",
      "integrity": "sha512-O/H/I9r+9Hn91oO6rS0IWnaUAtuUg1wuLM4U+MWogW1JzUrFxz+fWRnCl1g5zX1rLbHb4m1bZkBHSJM2dOBZpw=="
    }
  }
}
